
Microsoft Visual Studio Solution File, Format Version 12.00
# Visual Studio 15
VisualStudioVersion = 15.0.27130.2036
MinimumVisualStudioVersion = 10.0.40219.1
Project("{DA7A21FA-8162-4350-AD77-A8D1B671F3ED}") = "LoRa", "LoRa\LoRa.rxproj", "{6BD81DA2-0AB1-4A75-A115-7AF67AF2FE0D}"
EndProject
Global
	GlobalSection(SolutionConfigurationPlatforms) = preSolution
		Debug|Any CPU = Debug|Any CPU
		Release|Any CPU = Release|Any CPU
	EndGlobalSection
	GlobalSection(ProjectConfigurationPlatforms) = postSolution
		{6BD81DA2-0AB1-4A75-A115-7AF67AF2FE0D}.Debug|Any CPU.ActiveCfg = Debug|Any CPU
		{6BD81DA2-0AB1-4A75-A115-7AF67AF2FE0D}.Debug|Any CPU.Build.0 = Debug|Any CPU
		{6BD81DA2-0AB1-4A75-A115-7AF67AF2FE0D}.Release|Any CPU.ActiveCfg = Release|Any CPU
		{6BD81DA2-0AB1-4A75-A115-7AF67AF2FE0D}.Release|Any CPU.Build.0 = Release|Any CPU
	EndGlobalSection
	GlobalSection(SolutionProperties) = preSolution
		HideSolutionNode = FALSE
	EndGlobalSection
	GlobalSection(ExtensibilityGlobals) = postSolution
		SolutionGuid = {7A627918-74DC-4971-9701-F244388F3D48}
	EndGlobalSection
EndGlobal
